
Microsoft Visual Studio Solution File, Format Version 12.00
# Visual Studio Version 17
VisualStudioVersion = 17.9.34728.123
MinimumVisualStudioVersion = 10.0.40219.1
Project("{FAE04EC0-301F-11D3-BF4B-00C04F79EFBC}") = "ProcessoSeletivo-Equals", "ProcessoSeletivo-Equals\ProcessoSeletivo-Equals.csproj", "{0F7D4103-9DC5-4FBD-BD24-02C1DD4DE314}"
EndProject
Global
	GlobalSection(SolutionConfigurationPlatforms) = preSolution
		Debug|Any CPU = Debug|Any CPU
		Release|Any CPU = Release|Any CPU
	EndGlobalSection
	GlobalSection(ProjectConfigurationPlatforms) = postSolution
		{0F7D4103-9DC5-4FBD-BD24-02C1DD4DE314}.Debug|Any CPU.ActiveCfg = Debug|Any CPU
		{0F7D4103-9DC5-4FBD-BD24-02C1DD4DE314}.Debug|Any CPU.Build.0 = Debug|Any CPU
		{0F7D4103-9DC5-4FBD-BD24-02C1DD4DE314}.Release|Any CPU.ActiveCfg = Release|Any CPU
		{0F7D4103-9DC5-4FBD-BD24-02C1DD4DE314}.Release|Any CPU.Build.0 = Release|Any CPU
	EndGlobalSection
	GlobalSection(SolutionProperties) = preSolution
		HideSolutionNode = FALSE
	EndGlobalSection
	GlobalSection(ExtensibilityGlobals) = postSolution
		SolutionGuid = {E3DC0417-9469-4B4B-9554-CCD8A1639E4A}
	EndGlobalSection
EndGlobal
